// !$*UTF8*$!
{
	archiveVersion = 1;
	classes = {
	};
	objectVersion = 48;
	objects = {

/* Begin PBXBuildFile section */
		5F2166EE20422EAA006586F7 /* BASCustomUIImageView.swift in Sources */ = {isa = PBXBuildFile; fileRef = 5F2166ED20422EAA006586F7 /* BASCustomUIImageView.swift */; };
		5F2166F020423188006586F7 /* BASCustomUILabel.swift in Sources */ = {isa = PBXBuildFile; fileRef = 5F2166EF20423188006586F7 /* BASCustomUILabel.swift */; };
		5F2166F2204234B2006586F7 /* BASCustomUIView.swift in Sources */ = {isa = PBXBuildFile; fileRef = 5F2166F1204234B2006586F7 /* BASCustomUIView.swift */; };
		5F2E77EA20338C3B0066137E /* AppDelegate.swift in Sources */ = {isa = PBXBuildFile; fileRef = 5F2E77E920338C3B0066137E /* AppDelegate.swift */; };
		5F2E77EC20338C3B0066137E /* BaseVC.swift in Sources */ = {isa = PBXBuildFile; fileRef = 5F2E77EB20338C3B0066137E /* BaseVC.swift */; };
		5F2E77EF20338C3B0066137E /* Main.storyboard in Resources */ = {isa = PBXBuildFile; fileRef = 5F2E77ED20338C3B0066137E /* Main.storyboard */; };
		5F2E77F220338C3B0066137E /* BASCustomClassesDemo.xcdatamodeld in Sources */ = {isa = PBXBuildFile; fileRef = 5F2E77F020338C3B0066137E /* BASCustomClassesDemo.xcdatamodeld */; };
		5F2E77F420338C3B0066137E /* Assets.xcassets in Resources */ = {isa = PBXBuildFile; fileRef = 5F2E77F320338C3B0066137E /* Assets.xcassets */; };
		5F2E77F720338C3B0066137E /* LaunchScreen.storyboard in Resources */ = {isa = PBXBuildFile; fileRef = 5F2E77F520338C3B0066137E /* LaunchScreen.storyboard */; };
		5F2E780420338CB00066137E /* BASCustomView.swift in Sources */ = {isa = PBXBuildFile; fileRef = 5F2E780220338CAF0066137E /* BASCustomView.swift */; };
		5F2E780520338CB00066137E /* BASCustomTextField.swift in Sources */ = {isa = PBXBuildFile; fileRef = 5F2E780320338CAF0066137E /* BASCustomTextField.swift */; };
		5F2E780920338DBE0066137E /* NavigationHeaderView.xib in Resources */ = {isa = PBXBuildFile; fileRef = 5F2E780720338DBD0066137E /* NavigationHeaderView.xib */; };
		5F2E780A20338DBE0066137E /* NavigationHeaderView.swift in Sources */ = {isa = PBXBuildFile; fileRef = 5F2E780820338DBD0066137E /* NavigationHeaderView.swift */; };
		5FA934D9203CB3C300E272ED /* BaseVCCell.swift in Sources */ = {isa = PBXBuildFile; fileRef = 5FA934D8203CB3C300E272ED /* BaseVCCell.swift */; };
		5FA934DB203CB70D00E272ED /* NavigationTextFieldDemoVc.swift in Sources */ = {isa = PBXBuildFile; fileRef = 5FA934DA203CB70D00E272ED /* NavigationTextFieldDemoVc.swift */; };
		5FA934DE203CB79500E272ED /* Constant.swift in Sources */ = {isa = PBXBuildFile; fileRef = 5FA934DD203CB79500E272ED /* Constant.swift */; };
		5FA934E0203CDDD300E272ED /* BASCustomButton.swift in Sources */ = {isa = PBXBuildFile; fileRef = 5FA934DF203CDDD300E272ED /* BASCustomButton.swift */; };
/* End PBXBuildFile section */

/* Begin PBXFileReference section */
		5F2166ED20422EAA006586F7 /* BASCustomUIImageView.swift */ = {isa = PBXFileReference; lastKnownFileType = sourcecode.swift; path = BASCustomUIImageView.swift; sourceTree = "<group>"; };
		5F2166EF20423188006586F7 /* BASCustomUILabel.swift */ = {isa = PBXFileReference; lastKnownFileType = sourcecode.swift; path = BASCustomUILabel.swift; sourceTree = "<group>"; };
		5F2166F1204234B2006586F7 /* BASCustomUIView.swift */ = {isa = PBXFileReference; lastKnownFileType = sourcecode.swift; path = BASCustomUIView.swift; sourceTree = "<group>"; };
		5F2E77E620338C3A0066137E /* BASCustomClassesDemo.app */ = {isa = PBXFileReference; explicitFileType = wrapper.application; includeInIndex = 0; path = BASCustomClassesDemo.app; sourceTree = BUILT_PRODUCTS_DIR; };
		5F2E77E920338C3B0066137E /* AppDelegate.swift */ = {isa = PBXFileReference; lastKnownFileType = sourcecode.swift; path = AppDelegate.swift; sourceTree = "<group>"; };
		5F2E77EB20338C3B0066137E /* BaseVC.swift */ = {isa = PBXFileReference; lastKnownFileType = sourcecode.swift; path = BaseVC.swift; sourceTree = "<group>"; };
		5F2E77EE20338C3B0066137E /* Base */ = {isa = PBXFileReference; lastKnownFileType = file.storyboard; name = Base; path = Base.lproj/Main.storyboard; sourceTree = "<group>"; };
		5F2E77F120338C3B0066137E /* BASCustomClassesDemo.xcdatamodel */ = {isa = PBXFileReference; lastKnownFileType = wrapper.xcdatamodel; path = BASCustomClassesDemo.xcdatamodel; sourceTree = "<group>"; };
		5F2E77F320338C3B0066137E /* Assets.xcassets */ = {isa = PBXFileReference; lastKnownFileType = folder.assetcatalog; path = Assets.xcassets; sourceTree = "<group>"; };
		5F2E77F620338C3B0066137E /* Base */ = {isa = PBXFileReference; lastKnownFileType = file.storyboard; name = Base; path = Base.lproj/LaunchScreen.storyboard; sourceTree = "<group>"; };
		5F2E77F820338C3B0066137E /* Info.plist */ = {isa = PBXFileReference; lastKnownFileType = text.plist.xml; path = Info.plist; sourceTree = "<group>"; };
		5F2E780220338CAF0066137E /* BASCustomView.swift */ = {isa = PBXFileReference; fileEncoding = 4; lastKnownFileType = sourcecode.swift; path = BASCustomView.swift; sourceTree = "<group>"; };
		5F2E780320338CAF0066137E /* BASCustomTextField.swift */ = {isa = PBXFileReference; fileEncoding = 4; lastKnownFileType = sourcecode.swift; path = BASCustomTextField.swift; sourceTree = "<group>"; };
		5F2E780720338DBD0066137E /* NavigationHeaderView.xib */ = {isa = PBXFileReference; fileEncoding = 4; lastKnownFileType = file.xib; path = NavigationHeaderView.xib; sourceTree = "<group>"; };
		5F2E780820338DBD0066137E /* NavigationHeaderView.swift */ = {isa = PBXFileReference; fileEncoding = 4; lastKnownFileType = sourcecode.swift; path = NavigationHeaderView.swift; sourceTree = "<group>"; };
		5FA934D8203CB3C300E272ED /* BaseVCCell.swift */ = {isa = PBXFileReference; lastKnownFileType = sourcecode.swift; path = BaseVCCell.swift; sourceTree = "<group>"; };
		5FA934DA203CB70D00E272ED /* NavigationTextFieldDemoVc.swift */ = {isa = PBXFileReference; lastKnownFileType = sourcecode.swift; path = NavigationTextFieldDemoVc.swift; sourceTree = "<group>"; };
		5FA934DD203CB79500E272ED /* Constant.swift */ = {isa = PBXFileReference; lastKnownFileType = sourcecode.swift; path = Constant.swift; sourceTree = "<group>"; };
		5FA934DF203CDDD300E272ED /* BASCustomButton.swift */ = {isa = PBXFileReference; lastKnownFileType = sourcecode.swift; path = BASCustomButton.swift; sourceTree = "<group>"; };
/* End PBXFileReference section */

/* Begin PBXFrameworksBuildPhase section */
		5F2E77E320338C3A0066137E /* Frameworks */ = {
			isa = PBXFrameworksBuildPhase;
			buildActionMask = 2147483647;
			files = (
			);
			runOnlyForDeploymentPostprocessing = 0;
		};
/* End PBXFrameworksBuildPhase section */

/* Begin PBXGroup section */
		5F2E77DD20338C3A0066137E = {
			isa = PBXGroup;
			children = (
				5F2E77E820338C3B0066137E /* BASCustomClassesDemo */,
				5F2E77E720338C3A0066137E /* Products */,
			);
			sourceTree = "<group>";
		};
		5F2E77E720338C3A0066137E /* Products */ = {
			isa = PBXGroup;
			children = (
				5F2E77E620338C3A0066137E /* BASCustomClassesDemo.app */,
			);
			name = Products;
			sourceTree = "<group>";
		};
		5F2E77E820338C3B0066137E /* BASCustomClassesDemo */ = {
			isa = PBXGroup;
			children = (
				5FA934DC203CB77D00E272ED /* Utilities */,
				5F2E780120338C880066137E /* BASCustomLayouts */,
				5F2E780020338C520066137E /* Model */,
				5F2E77FF20338C4D0066137E /* View */,
				5F2E77FE20338C410066137E /* Controller */,
				5F2E77E920338C3B0066137E /* AppDelegate.swift */,
				5F2E77ED20338C3B0066137E /* Main.storyboard */,
				5F2E77F320338C3B0066137E /* Assets.xcassets */,
				5F2E77F520338C3B0066137E /* LaunchScreen.storyboard */,
				5F2E77F820338C3B0066137E /* Info.plist */,
				5F2E77F020338C3B0066137E /* BASCustomClassesDemo.xcdatamodeld */,
			);
			path = BASCustomClassesDemo;
			sourceTree = "<group>";
		};
		5F2E77FE20338C410066137E /* Controller */ = {
			isa = PBXGroup;
			children = (
				5F2E77EB20338C3B0066137E /* BaseVC.swift */,
				5FA934DA203CB70D00E272ED /* NavigationTextFieldDemoVc.swift */,
			);
			path = Controller;
			sourceTree = "<group>";
		};
		5F2E77FF20338C4D0066137E /* View */ = {
			isa = PBXGroup;
			children = (
				5FA934D8203CB3C300E272ED /* BaseVCCell.swift */,
			);
			path = View;
			sourceTree = "<group>";
		};
		5F2E780020338C520066137E /* Model */ = {
			isa = PBXGroup;
			children = (
			);
			path = Model;
			sourceTree = "<group>";
		};
		5F2E780120338C880066137E /* BASCustomLayouts */ = {
			isa = PBXGroup;
			children = (
				5F2E780620338D7B0066137E /* NavigationHeaderView */,
				5F2E780320338CAF0066137E /* BASCustomTextField.swift */,
				5F2E780220338CAF0066137E /* BASCustomView.swift */,
				5FA934DF203CDDD300E272ED /* BASCustomButton.swift */,
				5F2166ED20422EAA006586F7 /* BASCustomUIImageView.swift */,
				5F2166EF20423188006586F7 /* BASCustomUILabel.swift */,
				5F2166F1204234B2006586F7 /* BASCustomUIView.swift */,
			);
			path = BASCustomLayouts;
			sourceTree = "<group>";
		};
		5F2E780620338D7B0066137E /* NavigationHeaderView */ = {
			isa = PBXGroup;
			children = (
				5F2E780820338DBD0066137E /* NavigationHeaderView.swift */,
				5F2E780720338DBD0066137E /* NavigationHeaderView.xib */,
			);
			path = NavigationHeaderView;
			sourceTree = "<group>";
		};
		5FA934DC203CB77D00E272ED /* Utilities */ = {
			isa = PBXGroup;
			children = (
				5FA934DD203CB79500E272ED /* Constant.swift */,
			);
			path = Utilities;
			sourceTree = "<group>";
		};
/* End PBXGroup section */

/* Begin PBXNativeTarget section */
		5F2E77E520338C3A0066137E /* BASCustomClassesDemo */ = {
			isa = PBXNativeTarget;
			buildConfigurationList = 5F2E77FB20338C3B0066137E /* Build configuration list for PBXNativeTarget "BASCustomClassesDemo" */;
			buildPhases = (
				5F2E77E220338C3A0066137E /* Sources */,
				5F2E77E320338C3A0066137E /* Frameworks */,
				5F2E77E420338C3A0066137E /* Resources */,
			);
			buildRules = (
			);
			dependencies = (
			);
			name = BASCustomClassesDemo;
			productName = BASCustomClassesDemo;
			productReference = 5F2E77E620338C3A0066137E /* BASCustomClassesDemo.app */;
			productType = "com.apple.product-type.application";
		};
/* End PBXNativeTarget section */

/* Begin PBXProject section */
		5F2E77DE20338C3A0066137E /* Project object */ = {
			isa = PBXProject;
			attributes = {
				LastSwiftUpdateCheck = 0920;
				LastUpgradeCheck = 0920;
				ORGANIZATIONNAME = "badal shah";
				TargetAttributes = {
					5F2E77E520338C3A0066137E = {
						CreatedOnToolsVersion = 9.2;
						ProvisioningStyle = Automatic;
					};
				};
			};
			buildConfigurationList = 5F2E77E120338C3A0066137E /* Build configuration list for PBXProject "BASCustomClassesDemo" */;
			compatibilityVersion = "Xcode 8.0";
			developmentRegion = en;
			hasScannedForEncodings = 0;
			knownRegions = (
				en,
				Base,
			);
			mainGroup = 5F2E77DD20338C3A0066137E;
			productRefGroup = 5F2E77E720338C3A0066137E /* Products */;
			projectDirPath = "";
			projectRoot = "";
			targets = (
				5F2E77E520338C3A0066137E /* BASCustomClassesDemo */,
			);
		};
/* End PBXProject section */

/* Begin PBXResourcesBuildPhase section */
		5F2E77E420338C3A0066137E /* Resources */ = {
			isa = PBXResourcesBuildPhase;
			buildActionMask = 2147483647;
			files = (
				5F2E77F720338C3B0066137E /* LaunchScreen.storyboard in Resources */,
				5F2E780920338DBE0066137E /* NavigationHeaderView.xib in Resources */,
				5F2E77F420338C3B0066137E /* Assets.xcassets in Resources */,
				5F2E77EF20338C3B0066137E /* Main.storyboard in Resources */,
			);
			runOnlyForDeploymentPostprocessing = 0;
		};
/* End PBXResourcesBuildPhase section */

/* Begin PBXSourcesBuildPhase section */
		5F2E77E220338C3A0066137E /* Sources */ = {
			isa = PBXSourcesBuildPhase;
			buildActionMask = 2147483647;
			files = (
				5F2166F020423188006586F7 /* BASCustomUILabel.swift in Sources */,
				5FA934D9203CB3C300E272ED /* BaseVCCell.swift in Sources */,
				5F2166EE20422EAA006586F7 /* BASCustomUIImageView.swift in Sources */,
				5F2166F2204234B2006586F7 /* BASCustomUIView.swift in Sources */,
				5F2E77F220338C3B0066137E /* BASCustomClassesDemo.xcdatamodeld in Sources */,
				5FA934DE203CB79500E272ED /* Constant.swift in Sources */,
				5FA934E0203CDDD300E272ED /* BASCustomButton.swift in Sources */,
				5FA934DB203CB70D00E272ED /* NavigationTextFieldDemoVc.swift in Sources */,
				5F2E780A20338DBE0066137E /* NavigationHeaderView.swift in Sources */,
				5F2E780520338CB00066137E /* BASCustomTextField.swift in Sources */,
				5F2E77EC20338C3B0066137E /* BaseVC.swift in Sources */,
				5F2E780420338CB00066137E /* BASCustomView.swift in Sources */,
				5F2E77EA20338C3B0066137E /* AppDelegate.swift in Sources */,
			);
			runOnlyForDeploymentPostprocessing = 0;
		};
/* End PBXSourcesBuildPhase section */

/* Begin PBXVariantGroup section */
		5F2E77ED20338C3B0066137E /* Main.storyboard */ = {
			isa = PBXVariantGroup;
			children = (
				5F2E77EE20338C3B0066137E /* Base */,
			);
			name = Main.storyboard;
			sourceTree = "<group>";
		};
		5F2E77F520338C3B0066137E /* LaunchScreen.storyboard */ = {
			isa = PBXVariantGroup;
			children = (
				5F2E77F620338C3B0066137E /* Base */,
			);
			name = LaunchScreen.storyboard;
			sourceTree = "<group>";
		};
/* End PBXVariantGroup section */

/* Begin XCBuildConfiguration section */
		5F2E77F920338C3B0066137E /* Debug */ = {
			isa = XCBuildConfiguration;
			buildSettings = {
				ALWAYS_SEARCH_USER_PATHS = NO;
				CLANG_ANALYZER_NONNULL = YES;
				CLANG_ANALYZER_NUMBER_OBJECT_CONVERSION = YES_AGGRESSIVE;
				CLANG_CXX_LANGUAGE_STANDARD = "gnu++14";
				CLANG_CXX_LIBRARY = "libc++";
				CLANG_ENABLE_MODULES = YES;
				CLANG_ENABLE_OBJC_ARC = YES;
				CLANG_WARN_BLOCK_CAPTURE_AUTORELEASING = YES;
				CLANG_WARN_BOOL_CONVERSION = YES;
				CLANG_WARN_COMMA = YES;
				CLANG_WARN_CONSTANT_CONVERSION = YES;
				CLANG_WARN_DIRECT_OBJC_ISA_USAGE = YES_ERROR;
				CLANG_WARN_DOCUMENTATION_COMMENTS = YES;
				CLANG_WARN_EMPTY_BODY = YES;
				CLANG_WARN_ENUM_CONVERSION = YES;
				CLANG_WARN_INFINITE_RECURSION = YES;
				CLANG_WARN_INT_CONVERSION = YES;
				CLANG_WARN_NON_LITERAL_NULL_CONVERSION = YES;
				CLANG_WARN_OBJC_LITERAL_CONVERSION = YES;
				CLANG_WARN_OBJC_ROOT_CLASS = YES_ERROR;
				CLANG_WARN_RANGE_LOOP_ANALYSIS = YES;
				CLANG_WARN_STRICT_PROTOTYPES = YES;
				CLANG_WARN_SUSPICIOUS_MOVE = YES;
				CLANG_WARN_UNGUARDED_AVAILABILITY = YES_AGGRESSIVE;
				CLANG_WARN_UNREACHABLE_CODE = YES;
				CLANG_WARN__DUPLICATE_METHOD_MATCH = YES;
				CODE_SIGN_IDENTITY = "iPhone Developer";
				COPY_PHASE_STRIP = NO;
				DEBUG_INFORMATION_FORMAT = dwarf;
				ENABLE_STRICT_OBJC_MSGSEND = YES;
				ENABLE_TESTABILITY = YES;
				GCC_C_LANGUAGE_STANDARD = gnu11;
				GCC_DYNAMIC_NO_PIC = NO;
				GCC_NO_COMMON_BLOCKS = YES;
				GCC_OPTIMIZATION_LEVEL = 0;
				GCC_PREPROCESSOR_DEFINITIONS = (
					"DEBUG=1",
					"$(inherited)",
				);
				GCC_WARN_64_TO_32_BIT_CONVERSION = YES;
				GCC_WARN_ABOUT_RETURN_TYPE = YES_ERROR;
				GCC_WARN_UNDECLARED_SELECTOR = YES;
				GCC_WARN_UNINITIALIZED_AUTOS = YES_AGGRESSIVE;
				GCC_WARN_UNUSED_FUNCTION = YES;
				GCC_WARN_UNUSED_VARIABLE = YES;
				IPHONEOS_DEPLOYMENT_TARGET = 11.2;
				MTL_ENABLE_DEBUG_INFO = YES;
				ONLY_ACTIVE_ARCH = YES;
				SDKROOT = iphoneos;
				SWIFT_ACTIVE_COMPILATION_CONDITIONS = DEBUG;
				SWIFT_OPTIMIZATION_LEVEL = "-Onone";
			};
			name = Debug;
		};
		5F2E77FA20338C3B0066137E /* Release */ = {
			isa = XCBuildConfiguration;
			buildSettings = {
				ALWAYS_SEARCH_USER_PATHS = NO;
				CLANG_ANALYZER_NONNULL = YES;
				CLANG_ANALYZER_NUMBER_OBJECT_CONVERSION = YES_AGGRESSIVE;
				CLANG_CXX_LANGUAGE_STANDARD = "gnu++14";
				CLANG_CXX_LIBRARY = "libc++";
				CLANG_ENABLE_MODULES = YES;
				CLANG_ENABLE_OBJC_ARC = YES;
				CLANG_WARN_BLOCK_CAPTURE_AUTORELEASING = YES;
				CLANG_WARN_BOOL_CONVERSION = YES;
				CLANG_WARN_COMMA = YES;
				CLANG_WARN_CONSTANT_CONVERSION = YES;
				CLANG_WARN_DIRECT_OBJC_ISA_USAGE = YES_ERROR;
				CLANG_WARN_DOCUMENTATION_COMMENTS = YES;
				CLANG_WARN_EMPTY_BODY = YES;
				CLANG_WARN_ENUM_CONVERSION = YES;
				CLANG_WARN_INFINITE_RECURSION = YES;
				CLANG_WARN_INT_CONVERSION = YES;
				CLANG_WARN_NON_LITERAL_NULL_CONVERSION = YES;
				CLANG_WARN_OBJC_LITERAL_CONVERSION = YES;
				CLANG_WARN_OBJC_ROOT_CLASS = YES_ERROR;
				CLANG_WARN_RANGE_LOOP_ANALYSIS = YES;
				CLANG_WARN_STRICT_PROTOTYPES = YES;
				CLANG_WARN_SUSPICIOUS_MOVE = YES;
				CLANG_WARN_UNGUARDED_AVAILABILITY = YES_AGGRESSIVE;
				CLANG_WARN_UNREACHABLE_CODE = YES;
				CLANG_WARN__DUPLICATE_METHOD_MATCH = YES;
				CODE_SIGN_IDENTITY = "iPhone Developer";
				COPY_PHASE_STRIP = NO;
				DEBUG_INFORMATION_FORMAT = "dwarf-with-dsym";
				ENABLE_NS_ASSERTIONS = NO;
				ENABLE_STRICT_OBJC_MSGSEND = YES;
				GCC_C_LANGUAGE_STANDARD = gnu11;
				GCC_NO_COMMON_BLOCKS = YES;
				GCC_WARN_64_TO_32_BIT_CONVERSION = YES;
				GCC_WARN_ABOUT_RETURN_TYPE = YES_ERROR;
				GCC_WARN_UNDECLARED_SELECTOR = YES;
				GCC_WARN_UNINITIALIZED_AUTOS = YES_AGGRESSIVE;
				GCC_WARN_UNUSED_FUNCTION = YES;
				GCC_WARN_UNUSED_VARIABLE = YES;
				IPHONEOS_DEPLOYMENT_TARGET = 11.2;
				MTL_ENABLE_DEBUG_INFO = NO;
				SDKROOT = iphoneos;
				SWIFT_OPTIMIZATION_LEVEL = "-Owholemodule";
				VALIDATE_PRODUCT = YES;
			};
			name = Release;
		};
		5F2E77FC20338C3B0066137E /* Debug */ = {
			isa = XCBuildConfiguration;
			buildSettings = {
				ASSETCATALOG_COMPILER_APPICON_NAME = AppIcon;
				CODE_SIGN_STYLE = Automatic;
				INFOPLIST_FILE = BASCustomClassesDemo/Info.plist;
				LD_RUNPATH_SEARCH_PATHS = "$(inherited) @executable_path/Frameworks";
				PRODUCT_BUNDLE_IDENTIFIER = com.badal.com.BASCustomClassesDemo;
				PRODUCT_NAME = "$(TARGET_NAME)";
				SWIFT_VERSION = 4.0;
				TARGETED_DEVICE_FAMILY = "1,2";
			};
			name = Debug;
		};
		5F2E77FD20338C3B0066137E /* Release */ = {
			isa = XCBuildConfiguration;
			buildSettings = {
				ASSETCATALOG_COMPILER_APPICON_NAME = AppIcon;
				CODE_SIGN_STYLE = Automatic;
				INFOPLIST_FILE = BASCustomClassesDemo/Info.plist;
				LD_RUNPATH_SEARCH_PATHS = "$(inherited) @executable_path/Frameworks";
				PRODUCT_BUNDLE_IDENTIFIER = com.badal.com.BASCustomClassesDemo;
				PRODUCT_NAME = "$(TARGET_NAME)";
				SWIFT_VERSION = 4.0;
				TARGETED_DEVICE_FAMILY = "1,2";
			};
			name = Release;
		};
/* End XCBuildConfiguration section */

/* Begin XCConfigurationList section */
		5F2E77E120338C3A0066137E /* Build configuration list for PBXProject "BASCustomClassesDemo" */ = {
			isa = XCConfigurationList;
			buildConfigurations = (
				5F2E77F920338C3B0066137E /* Debug */,
				5F2E77FA20338C3B0066137E /* Release */,
			);
			defaultConfigurationIsVisible = 0;
			defaultConfigurationName = Release;
		};
		5F2E77FB20338C3B0066137E /* Build configuration list for PBXNativeTarget "BASCustomClassesDemo" */ = {
			isa = XCConfigurationList;
			buildConfigurations = (
				5F2E77FC20338C3B0066137E /* Debug */,
				5F2E77FD20338C3B0066137E /* Release */,
			);
			defaultConfigurationIsVisible = 0;
			defaultConfigurationName = Release;
		};
/* End XCConfigurationList section */

/* Begin XCVersionGroup section */
		5F2E77F020338C3B0066137E /* BASCustomClassesDemo.xcdatamodeld */ = {
			isa = XCVersionGroup;
			children = (
				5F2E77F120338C3B0066137E /* BASCustomClassesDemo.xcdatamodel */,
			);
			currentVersion = 5F2E77F120338C3B0066137E /* BASCustomClassesDemo.xcdatamodel */;
			path = BASCustomClassesDemo.xcdatamodeld;
			sourceTree = "<group>";
			versionGroupType = wrapper.xcdatamodel;
		};
/* End XCVersionGroup section */
	};
	rootObject = 5F2E77DE20338C3A0066137E /* Project object */;
}
